
Microsoft Visual Studio Solution File, Format Version 12.00
# Visual Studio Version 17
VisualStudioVersion = 17.5.002.0
MinimumVisualStudioVersion = 10.0.40219.1
Project("{9A19103F-16F7-4668-BE54-9A1E7A4F7556}") = "TemperatureConverter", "TemperatureConverter.csproj", "{30CDDD00-C992-4A69-BB09-0F017E75A40D}"
EndProject
Global
	GlobalSection(SolutionConfigurationPlatforms) = preSolution
		Debug|Any CPU = Debug|Any CPU
		Release|Any CPU = Release|Any CPU
	EndGlobalSection
	GlobalSection(ProjectConfigurationPlatforms) = postSolution
		{30CDDD00-C992-4A69-BB09-0F017E75A40D}.Debug|Any CPU.ActiveCfg = Debug|Any CPU
		{30CDDD00-C992-4A69-BB09-0F017E75A40D}.Debug|Any CPU.Build.0 = Debug|Any CPU
		{30CDDD00-C992-4A69-BB09-0F017E75A40D}.Release|Any CPU.ActiveCfg = Release|Any CPU
		{30CDDD00-C992-4A69-BB09-0F017E75A40D}.Release|Any CPU.Build.0 = Release|Any CPU
	EndGlobalSection
	GlobalSection(SolutionProperties) = preSolution
		HideSolutionNode = FALSE
	EndGlobalSection
	GlobalSection(ExtensibilityGlobals) = postSolution
		SolutionGuid = {2A8DFD9D-E4F7-4B7B-8178-CB4D017EB27B}
	EndGlobalSection
EndGlobal
